
Microsoft Visual Studio Solution File, Format Version 12.00
# Visual Studio Version 17
VisualStudioVersion = 17.0.31903.59
MinimumVisualStudioVersion = 10.0.40219.1
Project("{2150E333-8FDC-42A3-9474-1A3956D46DE8}") = "src", "src", "{DE85DD40-1128-4648-A2EB-9A1FE73C28A4}"
EndProject
Project("{F2A71F9B-5D33-465A-A702-920D77279786}") = "CliWrap.FSharp", "src\CliWrap.FSharp\CliWrap.FSharp.fsproj", "{2E2FBB43-30C0-45A1-8DAC-D7A48411EC7A}"
EndProject
Project("{F2A71F9B-5D33-465A-A702-920D77279786}") = "CliWrap.FSharp.Tests", "src\CliWrap.FSharp.Tests\CliWrap.FSharp.Tests.fsproj", "{12BFD7AA-776D-4B58-8AC3-241AF39EED84}"
EndProject
Project("{2150E333-8FDC-42A3-9474-1A3956D46DE8}") = "docs", "docs", "{94C23D5E-1CB8-4D24-9CDA-30BBA85A7901}"
	ProjectSection(SolutionItems) = preProject
		README.md = README.md
		LICENSE = LICENSE
	EndProjectSection
EndProject
Project("{2150E333-8FDC-42A3-9474-1A3956D46DE8}") = "build", "build", "{BE2AB152-2D76-463C-9979-A4163661D262}"
	ProjectSection(SolutionItems) = preProject
		global.json = global.json
		.config\dotnet-tools.json = .config\dotnet-tools.json
		Directory.Build.props = Directory.Build.props
		scripts\update-vendored-code.sh = scripts\update-vendored-code.sh
		patches\0001-CliWrap.Tests.Dummy.csproj.patch = patches\0001-CliWrap.Tests.Dummy.csproj.patch
	EndProjectSection
EndProject
Project("{2150E333-8FDC-42A3-9474-1A3956D46DE8}") = "github", "github", "{FE346152-5716-4224-9B25-C6B3815C70CA}"
	ProjectSection(SolutionItems) = preProject
		.github\workflows\main.yml = .github\workflows\main.yml
		.github\renovate.json = .github\renovate.json
	EndProjectSection
EndProject
Project("{2150E333-8FDC-42A3-9474-1A3956D46DE8}") = "config", "config", "{BC50591F-A365-4A92-9FDC-4CD2D75EE6A4}"
	ProjectSection(SolutionItems) = preProject
		.editorconfig = .editorconfig
		.gitignore = .gitignore
		.githooks\pre-commit = .githooks\pre-commit
		CliWrap.FSharp.sln.DotSettings = CliWrap.FSharp.sln.DotSettings
		.devcontainer\devcontainer.json = .devcontainer\devcontainer.json
		.fantomasignore = .fantomasignore
		.git-blame-ignore-revs = .git-blame-ignore-revs
		.gitmodules = .gitmodules
	EndProjectSection
EndProject
Project("{FAE04EC0-301F-11D3-BF4B-00C04F79EFBC}") = "CliWrap.Tests.Dummy", "src\CliWrap.Tests.Dummy\CliWrap.Tests.Dummy.csproj", "{26F29434-8760-4387-BF01-4FB1FA65426E}"
EndProject
Project("{F2A71F9B-5D33-465A-A702-920D77279786}") = "CliWrap.FSharp.Tests.Dummy", "src\CliWrap.FSharp.Tests.Dummy\CliWrap.FSharp.Tests.Dummy.fsproj", "{47479E30-792D-4B63-A1A9-D5981968D21E}"
EndProject
Global
	GlobalSection(SolutionConfigurationPlatforms) = preSolution
		Debug|Any CPU = Debug|Any CPU
		Release|Any CPU = Release|Any CPU
	EndGlobalSection
	GlobalSection(SolutionProperties) = preSolution
		HideSolutionNode = FALSE
	EndGlobalSection
	GlobalSection(ProjectConfigurationPlatforms) = postSolution
		{2E2FBB43-30C0-45A1-8DAC-D7A48411EC7A}.Debug|Any CPU.ActiveCfg = Debug|Any CPU
		{2E2FBB43-30C0-45A1-8DAC-D7A48411EC7A}.Debug|Any CPU.Build.0 = Debug|Any CPU
		{2E2FBB43-30C0-45A1-8DAC-D7A48411EC7A}.Release|Any CPU.ActiveCfg = Release|Any CPU
		{2E2FBB43-30C0-45A1-8DAC-D7A48411EC7A}.Release|Any CPU.Build.0 = Release|Any CPU
		{12BFD7AA-776D-4B58-8AC3-241AF39EED84}.Debug|Any CPU.ActiveCfg = Debug|Any CPU
		{12BFD7AA-776D-4B58-8AC3-241AF39EED84}.Debug|Any CPU.Build.0 = Debug|Any CPU
		{12BFD7AA-776D-4B58-8AC3-241AF39EED84}.Release|Any CPU.ActiveCfg = Release|Any CPU
		{12BFD7AA-776D-4B58-8AC3-241AF39EED84}.Release|Any CPU.Build.0 = Release|Any CPU
		{26F29434-8760-4387-BF01-4FB1FA65426E}.Debug|Any CPU.ActiveCfg = Debug|Any CPU
		{26F29434-8760-4387-BF01-4FB1FA65426E}.Debug|Any CPU.Build.0 = Debug|Any CPU
		{26F29434-8760-4387-BF01-4FB1FA65426E}.Release|Any CPU.ActiveCfg = Release|Any CPU
		{26F29434-8760-4387-BF01-4FB1FA65426E}.Release|Any CPU.Build.0 = Release|Any CPU
		{47479E30-792D-4B63-A1A9-D5981968D21E}.Debug|Any CPU.ActiveCfg = Debug|Any CPU
		{47479E30-792D-4B63-A1A9-D5981968D21E}.Debug|Any CPU.Build.0 = Debug|Any CPU
		{47479E30-792D-4B63-A1A9-D5981968D21E}.Release|Any CPU.ActiveCfg = Release|Any CPU
		{47479E30-792D-4B63-A1A9-D5981968D21E}.Release|Any CPU.Build.0 = Release|Any CPU
	EndGlobalSection
	GlobalSection(NestedProjects) = preSolution
		{2E2FBB43-30C0-45A1-8DAC-D7A48411EC7A} = {DE85DD40-1128-4648-A2EB-9A1FE73C28A4}
		{12BFD7AA-776D-4B58-8AC3-241AF39EED84} = {DE85DD40-1128-4648-A2EB-9A1FE73C28A4}
		{26F29434-8760-4387-BF01-4FB1FA65426E} = {DE85DD40-1128-4648-A2EB-9A1FE73C28A4}
		{47479E30-792D-4B63-A1A9-D5981968D21E} = {DE85DD40-1128-4648-A2EB-9A1FE73C28A4}
	EndGlobalSection
EndGlobal
