{
  "version": 1,
  "dependencies": {
    ".NETStandard,Version=v2.0": {
      "CliWrap": {
        "type": "Direct",
        "requested": "[3.10.0, )",
        "resolved": "3.10.0",
        "contentHash": "Igph39WNImUFqQrpTeBDPafcCnM1u/8IooZHqMRF/5JdV5H78p+AbZkeYY1Nkz1WlbI/Gt2Hq/3rYh55jxRF9Q==",
        "dependencies": {
          "Microsoft.Bcl.AsyncInterfaces": "9.0.5",
          "System.Management": "9.0.1",
          "System.Memory": "4.6.0",
          "System.Threading.Tasks.Extensions": "4.6.3"
        }
      },
      "FSharp.Core": {
        "type": "Direct",
        "requested": "[10.0.101, )",
        "resolved": "10.0.101",
        "contentHash": "vI+jT7iwaSiYENtsjAhlLfu1BYH9z4r6QdHjTGsJxrLrBuwVj4Vm+4MzywbKlhFWGH+jD2MO6HOaBrZK0Zd3hA=="
      },
      "MinVer": {
        "type": "Direct",
        "requested": "[6.1.0, )",
        "resolved": "6.1.0",
        "contentHash": "dGyb6EBQ87AhyagcXslfDGL/A+xbNtRD23CBjXoKo82TvjHqF2BBz61B6EBx/S117KUMB1PEUpRLrHcu6UjOhg=="
      },
      "NETStandard.Library": {
        "type": "Direct",
        "requested": "[2.0.3, )",
        "resolved": "2.0.3",
        "contentHash": "st47PosZSHrjECdjeIzZQbzivYBJFv6P2nv4cj2ypdI204DO+vZ7l5raGMiX4eXMJ53RfOIg+/s4DHVZ54Nu2A==",
        "dependencies": {
          "Microsoft.NETCore.Platforms": "1.1.0"
        }
      },
      "Microsoft.Bcl.AsyncInterfaces": {
        "type": "Transitive",
        "resolved": "9.0.5",
        "contentHash": "eNQDjbtFj8kOLxbckCbn2JXTsnzK8+xkA4jg7NULO9jhIvlOSngC9BFzmiqVPpw1INQaP1pQ3YteY2XhfWNjtQ==",
        "dependencies": {
          "System.Threading.Tasks.Extensions": "4.5.4"
        }
      },
      "Microsoft.NETCore.Platforms": {
        "type": "Transitive",
        "resolved": "1.1.0",
        "contentHash": "kz0PEW2lhqygehI/d6XsPCQzD7ff7gUJaVGPVETX611eadGsA3A877GdSlU0LRVMCTH/+P3o2iDTak+S08V2+A=="
      },
      "System.Buffers": {
        "type": "Transitive",
        "resolved": "4.6.0",
        "contentHash": "lN6tZi7Q46zFzAbRYXTIvfXcyvQQgxnY7Xm6C6xQ9784dEL1amjM6S6Iw4ZpsvesAKnRVsM4scrDQaDqSClkjA=="
      },
      "System.CodeDom": {
        "type": "Transitive",
        "resolved": "9.0.1",
        "contentHash": "2J5uq+2smnj+u1jlyVJ6BGGqaK9fHcK/EwN7mbsuPqTI6dZr86br8Cg6o/5B+icQ9ANTvTDpJjnhDNtYYZijHQ=="
      },
      "System.Management": {
        "type": "Transitive",
        "resolved": "9.0.1",
        "contentHash": "CLEo9O6FuO4GQ3ZQkGssg9CJ2w2TN7GMFf3wHTc7YVWJV4xoyJRPw+XIDQnCcSUJCrHhrAWOO60cAX29EV5LFQ==",
        "dependencies": {
          "System.CodeDom": "9.0.1"
        }
      },
      "System.Memory": {
        "type": "Transitive",
        "resolved": "4.6.0",
        "contentHash": "OEkbBQoklHngJ8UD8ez2AERSk2g+/qpAaSWWCBFbpH727HxDq5ydVkuncBaKcKfwRqXGWx64dS6G1SUScMsitg==",
        "dependencies": {
          "System.Buffers": "4.6.0",
          "System.Numerics.Vectors": "4.6.0",
          "System.Runtime.CompilerServices.Unsafe": "6.1.0"
        }
      },
      "System.Numerics.Vectors": {
        "type": "Transitive",
        "resolved": "4.6.0",
        "contentHash": "t+SoieZsRuEyiw/J+qXUbolyO219tKQQI0+2/YI+Qv7YdGValA6WiuokrNKqjrTNsy5ABWU11bdKOzUdheteXg=="
      },
      "System.Runtime.CompilerServices.Unsafe": {
        "type": "Transitive",
        "resolved": "6.1.2",
        "contentHash": "2hBr6zdbIBTDE3EhK7NSVNdX58uTK6iHW/P/Axmm9sl1xoGSLqDvMtpecn226TNwHByFokYwJmt/aQQNlO5CRw=="
      },
      "System.Threading.Tasks.Extensions": {
        "type": "Transitive",
        "resolved": "4.6.3",
        "contentHash": "7sCiwilJLYbTZELaKnc7RecBBXWXA+xMLQWZKWawBxYjp6DBlSE3v9/UcvKBvr1vv2tTOhipiogM8rRmxlhrVA==",
        "dependencies": {
          "System.Runtime.CompilerServices.Unsafe": "6.1.2"
        }
      }
    },
    ".NETStandard,Version=v2.1": {
      "CliWrap": {
        "type": "Direct",
        "requested": "[3.10.0, )",
        "resolved": "3.10.0",
        "contentHash": "Igph39WNImUFqQrpTeBDPafcCnM1u/8IooZHqMRF/5JdV5H78p+AbZkeYY1Nkz1WlbI/Gt2Hq/3rYh55jxRF9Q==",
        "dependencies": {
          "System.Management": "9.0.1"
        }
      },
      "FSharp.Core": {
        "type": "Direct",
        "requested": "[10.0.101, )",
        "resolved": "10.0.101",
        "contentHash": "vI+jT7iwaSiYENtsjAhlLfu1BYH9z4r6QdHjTGsJxrLrBuwVj4Vm+4MzywbKlhFWGH+jD2MO6HOaBrZK0Zd3hA=="
      },
      "MinVer": {
        "type": "Direct",
        "requested": "[6.1.0, )",
        "resolved": "6.1.0",
        "contentHash": "dGyb6EBQ87AhyagcXslfDGL/A+xbNtRD23CBjXoKo82TvjHqF2BBz61B6EBx/S117KUMB1PEUpRLrHcu6UjOhg=="
      },
      "System.CodeDom": {
        "type": "Transitive",
        "resolved": "9.0.1",
        "contentHash": "2J5uq+2smnj+u1jlyVJ6BGGqaK9fHcK/EwN7mbsuPqTI6dZr86br8Cg6o/5B+icQ9ANTvTDpJjnhDNtYYZijHQ=="
      },
      "System.Management": {
        "type": "Transitive",
        "resolved": "9.0.1",
        "contentHash": "CLEo9O6FuO4GQ3ZQkGssg9CJ2w2TN7GMFf3wHTc7YVWJV4xoyJRPw+XIDQnCcSUJCrHhrAWOO60cAX29EV5LFQ==",
        "dependencies": {
          "System.CodeDom": "9.0.1"
        }
      }
    },
    "net10.0": {
      "CliWrap": {
        "type": "Direct",
        "requested": "[3.10.0, )",
        "resolved": "3.10.0",
        "contentHash": "Igph39WNImUFqQrpTeBDPafcCnM1u/8IooZHqMRF/5JdV5H78p+AbZkeYY1Nkz1WlbI/Gt2Hq/3rYh55jxRF9Q=="
      },
      "FSharp.Core": {
        "type": "Direct",
        "requested": "[10.0.101, )",
        "resolved": "10.0.101",
        "contentHash": "vI+jT7iwaSiYENtsjAhlLfu1BYH9z4r6QdHjTGsJxrLrBuwVj4Vm+4MzywbKlhFWGH+jD2MO6HOaBrZK0Zd3hA=="
      },
      "Microsoft.NET.ILLink.Tasks": {
        "type": "Direct",
        "requested": "[10.0.1, )",
        "resolved": "10.0.1",
        "contentHash": "ISahzLHsHY7vrwqr2p1YWZ+gsxoBRtH7gWRDK8fDUst9pp2He0GiesaqEfeX0V8QMCJM3eNEHGGpnIcPjFo2NQ=="
      },
      "MinVer": {
        "type": "Direct",
        "requested": "[6.1.0, )",
        "resolved": "6.1.0",
        "contentHash": "dGyb6EBQ87AhyagcXslfDGL/A+xbNtRD23CBjXoKo82TvjHqF2BBz61B6EBx/S117KUMB1PEUpRLrHcu6UjOhg=="
      }
    },
    "net9.0": {
      "CliWrap": {
        "type": "Direct",
        "requested": "[3.10.0, )",
        "resolved": "3.10.0",
        "contentHash": "Igph39WNImUFqQrpTeBDPafcCnM1u/8IooZHqMRF/5JdV5H78p+AbZkeYY1Nkz1WlbI/Gt2Hq/3rYh55jxRF9Q=="
      },
      "FSharp.Core": {
        "type": "Direct",
        "requested": "[10.0.101, )",
        "resolved": "10.0.101",
        "contentHash": "vI+jT7iwaSiYENtsjAhlLfu1BYH9z4r6QdHjTGsJxrLrBuwVj4Vm+4MzywbKlhFWGH+jD2MO6HOaBrZK0Zd3hA=="
      },
      "Microsoft.NET.ILLink.Tasks": {
        "type": "Direct",
        "requested": "[9.0.11, )",
        "resolved": "9.0.11",
        "contentHash": "vvB9rtDmWaXgYkViT00KORBVmA3pcYsHlgd9vOPqL9sf5bKy3rvLMF1+sI1uUfVj28S3itirHlHmX5/kcpZKNw=="
      },
      "MinVer": {
        "type": "Direct",
        "requested": "[6.1.0, )",
        "resolved": "6.1.0",
        "contentHash": "dGyb6EBQ87AhyagcXslfDGL/A+xbNtRD23CBjXoKo82TvjHqF2BBz61B6EBx/S117KUMB1PEUpRLrHcu6UjOhg=="
      }
    }
  }
}