{
  "version": 1,
  "dependencies": {
    "net8.0": {
      "CliWrap": {
        "type": "Direct",
        "requested": "[3.6.6, )",
        "resolved": "3.6.6",
        "contentHash": "8/WnYKDjXjqMp9ktCygmeC6kDsmSEKF4riEYNy98+nD3wOKbuxqOjmhiFMalOYlM+mUqfs3SOEowF20+loDZHQ=="
      },
      "FSharp.Core": {
        "type": "Direct",
        "requested": "[8.0.200, )",
        "resolved": "8.0.200",
        "contentHash": "qnxoF3Fu0HzfOeYdrwmQOsLP1v+OtOMSIYkNVUwf6nGqWzL03Hh4r6VFCvCb54jlsgtt3WADVYkKkrgdeY5kiQ=="
      },
      "Microsoft.SourceLink.GitHub": {
        "type": "Direct",
        "requested": "[8.0.0, )",
        "resolved": "8.0.0",
        "contentHash": "G5q7OqtwIyGTkeIOAc3u2ZuV/kicQaec5EaRnc0pIeSnh9LUjj+PYQrJYBURvDt7twGl2PKA7nSN0kz1Zw5bnQ==",
        "dependencies": {
          "Microsoft.Build.Tasks.Git": "8.0.0",
          "Microsoft.SourceLink.Common": "8.0.0"
        }
      },
      "MinVer": {
        "type": "Direct",
        "requested": "[5.0.0, )",
        "resolved": "5.0.0",
        "contentHash": "ybkgpQMtt0Fo91l5rYtE3TZtD+Nmy5Ko091xvfXXOosQdMi30XO2EZ2+ShZt89gdu7RMmJqZaJ+e1q6d+6+KNw=="
      },
      "Microsoft.Build.Tasks.Git": {
        "type": "Transitive",
        "resolved": "8.0.0",
        "contentHash": "bZKfSIKJRXLTuSzLudMFte/8CempWjVamNUR5eHJizsy+iuOuO/k2gnh7W0dHJmYY0tBf+gUErfluCv5mySAOQ=="
      },
      "Microsoft.SourceLink.Common": {
        "type": "Transitive",
        "resolved": "8.0.0",
        "contentHash": "dk9JPxTCIevS75HyEQ0E4OVAFhB2N+V9ShCXf8Q6FkUQZDkgLI12y679Nym1YqsiSysuQskT7Z+6nUf3yab6Vw=="
      }
    }
  }
}