{
  "version": 1,
  "dependencies": {
    "net10.0": {
      "FSharp.Core": {
        "type": "Direct",
        "requested": "[10.0.101, )",
        "resolved": "10.0.101",
        "contentHash": "V67cyT+mkIF4UXHPKif+kzKiWZrTXFx4kmMqXqUdJdwbykxURkNlK9mY27ba6rRT37F1cAjd+vZs2MSfKuE8PQ=="
      },
      "Microsoft.DotNet.ILCompiler": {
        "type": "Direct",
        "requested": "[10.0.1, )",
        "resolved": "10.0.1",
        "contentHash": "blJbawkCPKOynRoMvnvja5hhVIuCPjWjPFHZcKDdhdchFg57wIj+48r7+b0awMVhXeaVhfXYQzyH1YfkFJLrTg=="
      },
      "Microsoft.NET.ILLink.Tasks": {
        "type": "Direct",
        "requested": "[10.0.1, )",
        "resolved": "10.0.1",
        "contentHash": "AMgN0vyuS6VsuMuoQibm93kxOi22SUUlajT7ocWqMMuQ0svAqISY/z4I9CCtMCdn6kz1pUB8MW1ByrzFThqXUQ=="
      },
      "CliWrap": {
        "type": "Transitive",
        "resolved": "3.9.0",
        "contentHash": "3IpuZUbTsWhgD3jhd5mKK7VVyVu/LhfsHXUlYrAOV8mZkJCTasum8Klgv7wyMIl5tttwUralTuTQzCNDLicMRw=="
      },
      "UnMango.CliWrap.FSharp": {
        "type": "Project",
        "dependencies": {
          "CliWrap": "[3.9.0, )",
          "FSharp.Core": "[10.0.101, )"
        }
      }
    }
  }
}