{
  "version": 1,
  "dependencies": {
    "net10.0": {
      "FSharp.Core": {
        "type": "Direct",
        "requested": "[10.0.102, )",
        "resolved": "10.0.102",
        "contentHash": "ewAus27cS3p+B3quWObXRUHmf1iuMc6RbaA7MUp/sy9aQ1kckCKrTzLNPIQ77zgBOcxmSmZHtBAO+uHMeysHmQ=="
      },
      "Microsoft.NET.ILLink.Tasks": {
        "type": "Direct",
        "requested": "[10.0.2, )",
        "resolved": "10.0.2",
        "contentHash": "olA1032pqFGui7gZpe9k6+/K4kv7SbR3vQi2h+C3ibrMYHV2wXIxtM2ipb2AeYS5C97PlneBctjvaLjowDRLMw=="
      },
      "CliWrap": {
        "type": "Transitive",
        "resolved": "3.10.0",
        "contentHash": "Igph39WNImUFqQrpTeBDPafcCnM1u/8IooZHqMRF/5JdV5H78p+AbZkeYY1Nkz1WlbI/Gt2Hq/3rYh55jxRF9Q=="
      },
      "UnMango.CliWrap.FSharp": {
        "type": "Project",
        "dependencies": {
          "CliWrap": "[3.10.0, )",
          "FSharp.Core": "[10.0.102, )"
        }
      }
    }
  }
}